
Microsoft Visual Studio Solution File, Format Version 12.00
# Visual Studio Version 16
VisualStudioVersion = 16.0.31624.102
MinimumVisualStudioVersion = 10.0.40219.1
Project("{9A19103F-16F7-4668-BE54-9A1E7A4F7556}") = "CombinedCodingMetrics", "CombinedCodingStats\CombinedCodingMetrics.csproj", "{4ADDCBF3-4C56-472C-9588-2A8709D1D684}"
EndProject
Project("{9A19103F-16F7-4668-BE54-9A1E7A4F7556}") = "CombinedCodingMetricsTest", "CombinedCodingStatsTest\CombinedCodingMetricsTest.csproj", "{36D8B8D8-0124-4D9F-9C16-64EF5F683041}"
EndProject
Global
	GlobalSection(SolutionConfigurationPlatforms) = preSolution
		Debug|Any CPU = Debug|Any CPU
		Release|Any CPU = Release|Any CPU
	EndGlobalSection
	GlobalSection(ProjectConfigurationPlatforms) = postSolution
		{4ADDCBF3-4C56-472C-9588-2A8709D1D684}.Debug|Any CPU.ActiveCfg = Debug|Any CPU
		{4ADDCBF3-4C56-472C-9588-2A8709D1D684}.Debug|Any CPU.Build.0 = Debug|Any CPU
		{4ADDCBF3-4C56-472C-9588-2A8709D1D684}.Release|Any CPU.ActiveCfg = Release|Any CPU
		{4ADDCBF3-4C56-472C-9588-2A8709D1D684}.Release|Any CPU.Build.0 = Release|Any CPU
		{36D8B8D8-0124-4D9F-9C16-64EF5F683041}.Debug|Any CPU.ActiveCfg = Debug|Any CPU
		{36D8B8D8-0124-4D9F-9C16-64EF5F683041}.Debug|Any CPU.Build.0 = Debug|Any CPU
		{36D8B8D8-0124-4D9F-9C16-64EF5F683041}.Release|Any CPU.ActiveCfg = Release|Any CPU
		{36D8B8D8-0124-4D9F-9C16-64EF5F683041}.Release|Any CPU.Build.0 = Release|Any CPU
	EndGlobalSection
	GlobalSection(SolutionProperties) = preSolution
		HideSolutionNode = FALSE
	EndGlobalSection
	GlobalSection(ExtensibilityGlobals) = postSolution
		SolutionGuid = {C4C1BAEC-1200-48BE-B6FA-05204F3D5A82}
	EndGlobalSection
EndGlobal
